// !$*UTF8*$!
{
	archiveVersion = 1;
	classes = {
	};
	objectVersion = 50;
	objects = {

/* Begin PBXBuildFile section */
		23623F8426E487DF00E324AC /* AppDelegate.m in Sources */ = {isa = PBXBuildFile; fileRef = 23623F8326E487DF00E324AC /* AppDelegate.m */; };
		23623F8726E487DF00E324AC /* SceneDelegate.m in Sources */ = {isa = PBXBuildFile; fileRef = 23623F8626E487DF00E324AC /* SceneDelegate.m */; };
		23623F8A26E487DF00E324AC /* ViewController.m in Sources */ = {isa = PBXBuildFile; fileRef = 23623F8926E487DF00E324AC /* ViewController.m */; settings = {COMPILER_FLAGS = "-fno-objc-arc"; }; };
		23623F8D26E487DF00E324AC /* Main.storyboard in Resources */ = {isa = PBXBuildFile; fileRef = 23623F8B26E487DF00E324AC /* Main.storyboard */; };
		23623F8F26E487E500E324AC /* Assets.xcassets in Resources */ = {isa = PBXBuildFile; fileRef = 23623F8E26E487E500E324AC /* Assets.xcassets */; };
		23623F9226E487E500E324AC /* LaunchScreen.storyboard in Resources */ = {isa = PBXBuildFile; fileRef = 23623F9026E487E500E324AC /* LaunchScreen.storyboard */; };
		23623F9526E487E500E324AC /* main.m in Sources */ = {isa = PBXBuildFile; fileRef = 23623F9426E487E500E324AC /* main.m */; };
		23623FA026E4881A00E324AC /* fishhook.c in Sources */ = {isa = PBXBuildFile; fileRef = 23623F9C26E4881900E324AC /* fishhook.c */; };
		23623FA126E4881A00E324AC /* queue.c in Sources */ = {isa = PBXBuildFile; fileRef = 23623F9D26E4881900E324AC /* queue.c */; };
		23623FA626E4883600E324AC /* MOACatcher.m in Sources */ = {isa = PBXBuildFile; fileRef = 23623FA326E4883500E324AC /* MOACatcher.m */; settings = {COMPILER_FLAGS = "-fno-objc-arc"; }; };
		23623FA726E4883600E324AC /* MOASafeFree.m in Sources */ = {isa = PBXBuildFile; fileRef = 23623FA426E4883500E324AC /* MOASafeFree.m */; settings = {COMPILER_FLAGS = "-fno-objc-arc"; }; };
/* End PBXBuildFile section */

/* Begin PBXFileReference section */
		23623F7F26E487DF00E324AC /* HookFreeDemo.app */ = {isa = PBXFileReference; explicitFileType = wrapper.application; includeInIndex = 0; path = HookFreeDemo.app; sourceTree = BUILT_PRODUCTS_DIR; };
		23623F8226E487DF00E324AC /* AppDelegate.h */ = {isa = PBXFileReference; lastKnownFileType = sourcecode.c.h; path = AppDelegate.h; sourceTree = "<group>"; };
		23623F8326E487DF00E324AC /* AppDelegate.m */ = {isa = PBXFileReference; lastKnownFileType = sourcecode.c.objc; path = AppDelegate.m; sourceTree = "<group>"; };
		23623F8526E487DF00E324AC /* SceneDelegate.h */ = {isa = PBXFileReference; lastKnownFileType = sourcecode.c.h; path = SceneDelegate.h; sourceTree = "<group>"; };
		23623F8626E487DF00E324AC /* SceneDelegate.m */ = {isa = PBXFileReference; lastKnownFileType = sourcecode.c.objc; path = SceneDelegate.m; sourceTree = "<group>"; };
		23623F8826E487DF00E324AC /* ViewController.h */ = {isa = PBXFileReference; lastKnownFileType = sourcecode.c.h; path = ViewController.h; sourceTree = "<group>"; };
		23623F8926E487DF00E324AC /* ViewController.m */ = {isa = PBXFileReference; lastKnownFileType = sourcecode.c.objc; path = ViewController.m; sourceTree = "<group>"; };
		23623F8C26E487DF00E324AC /* Base */ = {isa = PBXFileReference; lastKnownFileType = file.storyboard; name = Base; path = Base.lproj/Main.storyboard; sourceTree = "<group>"; };
		23623F8E26E487E500E324AC /* Assets.xcassets */ = {isa = PBXFileReference; lastKnownFileType = folder.assetcatalog; path = Assets.xcassets; sourceTree = "<group>"; };
		23623F9126E487E500E324AC /* Base */ = {isa = PBXFileReference; lastKnownFileType = file.storyboard; name = Base; path = Base.lproj/LaunchScreen.storyboard; sourceTree = "<group>"; };
		23623F9326E487E500E324AC /* Info.plist */ = {isa = PBXFileReference; lastKnownFileType = text.plist.xml; path = Info.plist; sourceTree = "<group>"; };
		23623F9426E487E500E324AC /* main.m */ = {isa = PBXFileReference; lastKnownFileType = sourcecode.c.objc; path = main.m; sourceTree = "<group>"; };
		23623F9C26E4881900E324AC /* fishhook.c */ = {isa = PBXFileReference; fileEncoding = 4; lastKnownFileType = sourcecode.c.c; path = fishhook.c; sourceTree = "<group>"; };
		23623F9D26E4881900E324AC /* queue.c */ = {isa = PBXFileReference; fileEncoding = 4; lastKnownFileType = sourcecode.c.c; path = queue.c; sourceTree = "<group>"; };
		23623F9E26E4881900E324AC /* fishhook.h */ = {isa = PBXFileReference; fileEncoding = 4; lastKnownFileType = sourcecode.c.h; path = fishhook.h; sourceTree = "<group>"; };
		23623F9F26E4881900E324AC /* queue.h */ = {isa = PBXFileReference; fileEncoding = 4; lastKnownFileType = sourcecode.c.h; path = queue.h; sourceTree = "<group>"; };
		23623FA226E4883500E324AC /* MOACatcher.h */ = {isa = PBXFileReference; fileEncoding = 4; lastKnownFileType = sourcecode.c.h; path = MOACatcher.h; sourceTree = "<group>"; };
		23623FA326E4883500E324AC /* MOACatcher.m */ = {isa = PBXFileReference; fileEncoding = 4; lastKnownFileType = sourcecode.c.objc; path = MOACatcher.m; sourceTree = "<group>"; };
		23623FA426E4883500E324AC /* MOASafeFree.m */ = {isa = PBXFileReference; fileEncoding = 4; lastKnownFileType = sourcecode.c.objc; path = MOASafeFree.m; sourceTree = "<group>"; };
		23623FA526E4883500E324AC /* MOASafeFree.h */ = {isa = PBXFileReference; fileEncoding = 4; lastKnownFileType = sourcecode.c.h; path = MOASafeFree.h; sourceTree = "<group>"; };
/* End PBXFileReference section */

/* Begin PBXFrameworksBuildPhase section */
		23623F7C26E487DF00E324AC /* Frameworks */ = {
			isa = PBXFrameworksBuildPhase;
			buildActionMask = 2147483647;
			files = (
			);
			runOnlyForDeploymentPostprocessing = 0;
		};
/* End PBXFrameworksBuildPhase section */

/* Begin PBXGroup section */
		23623F7626E487DF00E324AC = {
			isa = PBXGroup;
			children = (
				23623F8126E487DF00E324AC /* HookFreeDemo */,
				23623F8026E487DF00E324AC /* Products */,
			);
			sourceTree = "<group>";
		};
		23623F8026E487DF00E324AC /* Products */ = {
			isa = PBXGroup;
			children = (
				23623F7F26E487DF00E324AC /* HookFreeDemo.app */,
			);
			name = Products;
			sourceTree = "<group>";
		};
		23623F8126E487DF00E324AC /* HookFreeDemo */ = {
			isa = PBXGroup;
			children = (
				23623FA826E4889D00E324AC /* WildPointerSniffer */,
				23623F8226E487DF00E324AC /* AppDelegate.h */,
				23623F8326E487DF00E324AC /* AppDelegate.m */,
				23623F8526E487DF00E324AC /* SceneDelegate.h */,
				23623F8626E487DF00E324AC /* SceneDelegate.m */,
				23623F8826E487DF00E324AC /* ViewController.h */,
				23623F8926E487DF00E324AC /* ViewController.m */,
				23623F8B26E487DF00E324AC /* Main.storyboard */,
				23623F8E26E487E500E324AC /* Assets.xcassets */,
				23623F9026E487E500E324AC /* LaunchScreen.storyboard */,
				23623F9326E487E500E324AC /* Info.plist */,
				23623F9426E487E500E324AC /* main.m */,
			);
			path = HookFreeDemo;
			sourceTree = "<group>";
		};
		23623F9B26E4881900E324AC /* Fishhook */ = {
			isa = PBXGroup;
			children = (
				23623F9C26E4881900E324AC /* fishhook.c */,
				23623F9E26E4881900E324AC /* fishhook.h */,
				23623F9D26E4881900E324AC /* queue.c */,
				23623F9F26E4881900E324AC /* queue.h */,
			);
			path = Fishhook;
			sourceTree = "<group>";
		};
		23623FA826E4889D00E324AC /* WildPointerSniffer */ = {
			isa = PBXGroup;
			children = (
				23623FA226E4883500E324AC /* MOACatcher.h */,
				23623FA326E4883500E324AC /* MOACatcher.m */,
				23623FA526E4883500E324AC /* MOASafeFree.h */,
				23623FA426E4883500E324AC /* MOASafeFree.m */,
				23623F9B26E4881900E324AC /* Fishhook */,
			);
			path = WildPointerSniffer;
			sourceTree = "<group>";
		};
/* End PBXGroup section */

/* Begin PBXNativeTarget section */
		23623F7E26E487DF00E324AC /* HookFreeDemo */ = {
			isa = PBXNativeTarget;
			buildConfigurationList = 23623F9826E487E500E324AC /* Build configuration list for PBXNativeTarget "HookFreeDemo" */;
			buildPhases = (
				23623F7B26E487DF00E324AC /* Sources */,
				23623F7C26E487DF00E324AC /* Frameworks */,
				23623F7D26E487DF00E324AC /* Resources */,
			);
			buildRules = (
			);
			dependencies = (
			);
			name = HookFreeDemo;
			productName = HookFreeDemo;
			productReference = 23623F7F26E487DF00E324AC /* HookFreeDemo.app */;
			productType = "com.apple.product-type.application";
		};
/* End PBXNativeTarget section */

/* Begin PBXProject section */
		23623F7726E487DF00E324AC /* Project object */ = {
			isa = PBXProject;
			attributes = {
				LastUpgradeCheck = 1250;
				TargetAttributes = {
					23623F7E26E487DF00E324AC = {
						CreatedOnToolsVersion = 12.5.1;
					};
				};
			};
			buildConfigurationList = 23623F7A26E487DF00E324AC /* Build configuration list for PBXProject "HookFreeDemo" */;
			compatibilityVersion = "Xcode 9.3";
			developmentRegion = en;
			hasScannedForEncodings = 0;
			knownRegions = (
				en,
				Base,
			);
			mainGroup = 23623F7626E487DF00E324AC;
			productRefGroup = 23623F8026E487DF00E324AC /* Products */;
			projectDirPath = "";
			projectRoot = "";
			targets = (
				23623F7E26E487DF00E324AC /* HookFreeDemo */,
			);
		};
/* End PBXProject section */

/* Begin PBXResourcesBuildPhase section */
		23623F7D26E487DF00E324AC /* Resources */ = {
			isa = PBXResourcesBuildPhase;
			buildActionMask = 2147483647;
			files = (
				23623F9226E487E500E324AC /* LaunchScreen.storyboard in Resources */,
				23623F8F26E487E500E324AC /* Assets.xcassets in Resources */,
				23623F8D26E487DF00E324AC /* Main.storyboard in Resources */,
			);
			runOnlyForDeploymentPostprocessing = 0;
		};
/* End PBXResourcesBuildPhase section */

/* Begin PBXSourcesBuildPhase section */
		23623F7B26E487DF00E324AC /* Sources */ = {
			isa = PBXSourcesBuildPhase;
			buildActionMask = 2147483647;
			files = (
				23623F8A26E487DF00E324AC /* ViewController.m in Sources */,
				23623FA026E4881A00E324AC /* fishhook.c in Sources */,
				23623F8426E487DF00E324AC /* AppDelegate.m in Sources */,
				23623FA126E4881A00E324AC /* queue.c in Sources */,
				23623F9526E487E500E324AC /* main.m in Sources */,
				23623F8726E487DF00E324AC /* SceneDelegate.m in Sources */,
				23623FA726E4883600E324AC /* MOASafeFree.m in Sources */,
				23623FA626E4883600E324AC /* MOACatcher.m in Sources */,
			);
			runOnlyForDeploymentPostprocessing = 0;
		};
/* End PBXSourcesBuildPhase section */

/* Begin PBXVariantGroup section */
		23623F8B26E487DF00E324AC /* Main.storyboard */ = {
			isa = PBXVariantGroup;
			children = (
				23623F8C26E487DF00E324AC /* Base */,
			);
			name = Main.storyboard;
			sourceTree = "<group>";
		};
		23623F9026E487E500E324AC /* LaunchScreen.storyboard */ = {
			isa = PBXVariantGroup;
			children = (
				23623F9126E487E500E324AC /* Base */,
			);
			name = LaunchScreen.storyboard;
			sourceTree = "<group>";
		};
/* End PBXVariantGroup section */

/* Begin XCBuildConfiguration section */
		23623F9626E487E500E324AC /* Debug */ = {
			isa = XCBuildConfiguration;
			buildSettings = {
				ALWAYS_SEARCH_USER_PATHS = NO;
				CLANG_ANALYZER_NONNULL = YES;
				CLANG_ANALYZER_NUMBER_OBJECT_CONVERSION = YES_AGGRESSIVE;
				CLANG_CXX_LANGUAGE_STANDARD = "gnu++14";
				CLANG_CXX_LIBRARY = "libc++";
				CLANG_ENABLE_MODULES = YES;
				CLANG_ENABLE_OBJC_ARC = YES;
				CLANG_ENABLE_OBJC_WEAK = YES;
				CLANG_WARN_BLOCK_CAPTURE_AUTORELEASING = YES;
				CLANG_WARN_BOOL_CONVERSION = YES;
				CLANG_WARN_COMMA = YES;
				CLANG_WARN_CONSTANT_CONVERSION = YES;
				CLANG_WARN_DEPRECATED_OBJC_IMPLEMENTATIONS = YES;
				CLANG_WARN_DIRECT_OBJC_ISA_USAGE = YES_ERROR;
				CLANG_WARN_DOCUMENTATION_COMMENTS = YES;
				CLANG_WARN_EMPTY_BODY = YES;
				CLANG_WARN_ENUM_CONVERSION = YES;
				CLANG_WARN_INFINITE_RECURSION = YES;
				CLANG_WARN_INT_CONVERSION = YES;
				CLANG_WARN_NON_LITERAL_NULL_CONVERSION = YES;
				CLANG_WARN_OBJC_IMPLICIT_RETAIN_SELF = YES;
				CLANG_WARN_OBJC_LITERAL_CONVERSION = YES;
				CLANG_WARN_OBJC_ROOT_CLASS = YES_ERROR;
				CLANG_WARN_QUOTED_INCLUDE_IN_FRAMEWORK_HEADER = YES;
				CLANG_WARN_RANGE_LOOP_ANALYSIS = YES;
				CLANG_WARN_STRICT_PROTOTYPES = YES;
				CLANG_WARN_SUSPICIOUS_MOVE = YES;
				CLANG_WARN_UNGUARDED_AVAILABILITY = YES_AGGRESSIVE;
				CLANG_WARN_UNREACHABLE_CODE = YES;
				CLANG_WARN__DUPLICATE_METHOD_MATCH = YES;
				COPY_PHASE_STRIP = NO;
				DEBUG_INFORMATION_FORMAT = dwarf;
				ENABLE_STRICT_OBJC_MSGSEND = YES;
				ENABLE_TESTABILITY = YES;
				GCC_C_LANGUAGE_STANDARD = gnu11;
				GCC_DYNAMIC_NO_PIC = NO;
				GCC_NO_COMMON_BLOCKS = YES;
				GCC_OPTIMIZATION_LEVEL = 0;
				GCC_PREPROCESSOR_DEFINITIONS = (
					"DEBUG=1",
					"$(inherited)",
				);
				GCC_WARN_64_TO_32_BIT_CONVERSION = YES;
				GCC_WARN_ABOUT_RETURN_TYPE = YES_ERROR;
				GCC_WARN_UNDECLARED_SELECTOR = YES;
				GCC_WARN_UNINITIALIZED_AUTOS = YES_AGGRESSIVE;
				GCC_WARN_UNUSED_FUNCTION = YES;
				GCC_WARN_UNUSED_VARIABLE = YES;
				IPHONEOS_DEPLOYMENT_TARGET = 14.5;
				MTL_ENABLE_DEBUG_INFO = INCLUDE_SOURCE;
				MTL_FAST_MATH = YES;
				ONLY_ACTIVE_ARCH = YES;
				SDKROOT = iphoneos;
			};
			name = Debug;
		};
		23623F9726E487E500E324AC /* Release */ = {
			isa = XCBuildConfiguration;
			buildSettings = {
				ALWAYS_SEARCH_USER_PATHS = NO;
				CLANG_ANALYZER_NONNULL = YES;
				CLANG_ANALYZER_NUMBER_OBJECT_CONVERSION = YES_AGGRESSIVE;
				CLANG_CXX_LANGUAGE_STANDARD = "gnu++14";
				CLANG_CXX_LIBRARY = "libc++";
				CLANG_ENABLE_MODULES = YES;
				CLANG_ENABLE_OBJC_ARC = YES;
				CLANG_ENABLE_OBJC_WEAK = YES;
				CLANG_WARN_BLOCK_CAPTURE_AUTORELEASING = YES;
				CLANG_WARN_BOOL_CONVERSION = YES;
				CLANG_WARN_COMMA = YES;
				CLANG_WARN_CONSTANT_CONVERSION = YES;
				CLANG_WARN_DEPRECATED_OBJC_IMPLEMENTATIONS = YES;
				CLANG_WARN_DIRECT_OBJC_ISA_USAGE = YES_ERROR;
				CLANG_WARN_DOCUMENTATION_COMMENTS = YES;
				CLANG_WARN_EMPTY_BODY = YES;
				CLANG_WARN_ENUM_CONVERSION = YES;
				CLANG_WARN_INFINITE_RECURSION = YES;
				CLANG_WARN_INT_CONVERSION = YES;
				CLANG_WARN_NON_LITERAL_NULL_CONVERSION = YES;
				CLANG_WARN_OBJC_IMPLICIT_RETAIN_SELF = YES;
				CLANG_WARN_OBJC_LITERAL_CONVERSION = YES;
				CLANG_WARN_OBJC_ROOT_CLASS = YES_ERROR;
				CLANG_WARN_QUOTED_INCLUDE_IN_FRAMEWORK_HEADER = YES;
				CLANG_WARN_RANGE_LOOP_ANALYSIS = YES;
				CLANG_WARN_STRICT_PROTOTYPES = YES;
				CLANG_WARN_SUSPICIOUS_MOVE = YES;
				CLANG_WARN_UNGUARDED_AVAILABILITY = YES_AGGRESSIVE;
				CLANG_WARN_UNREACHABLE_CODE = YES;
				CLANG_WARN__DUPLICATE_METHOD_MATCH = YES;
				COPY_PHASE_STRIP = NO;
				DEBUG_INFORMATION_FORMAT = "dwarf-with-dsym";
				ENABLE_NS_ASSERTIONS = NO;
				ENABLE_STRICT_OBJC_MSGSEND = YES;
				GCC_C_LANGUAGE_STANDARD = gnu11;
				GCC_NO_COMMON_BLOCKS = YES;
				GCC_WARN_64_TO_32_BIT_CONVERSION = YES;
				GCC_WARN_ABOUT_RETURN_TYPE = YES_ERROR;
				GCC_WARN_UNDECLARED_SELECTOR = YES;
				GCC_WARN_UNINITIALIZED_AUTOS = YES_AGGRESSIVE;
				GCC_WARN_UNUSED_FUNCTION = YES;
				GCC_WARN_UNUSED_VARIABLE = YES;
				IPHONEOS_DEPLOYMENT_TARGET = 14.5;
				MTL_ENABLE_DEBUG_INFO = NO;
				MTL_FAST_MATH = YES;
				SDKROOT = iphoneos;
				VALIDATE_PRODUCT = YES;
			};
			name = Release;
		};
		23623F9926E487E500E324AC /* Debug */ = {
			isa = XCBuildConfiguration;
			buildSettings = {
				ASSETCATALOG_COMPILER_APPICON_NAME = AppIcon;
				ASSETCATALOG_COMPILER_GLOBAL_ACCENT_COLOR_NAME = AccentColor;
				CODE_SIGN_STYLE = Automatic;
				DEVELOPMENT_TEAM = J46HYNA3T9;
				INFOPLIST_FILE = HookFreeDemo/Info.plist;
				IPHONEOS_DEPLOYMENT_TARGET = 9.0;
				LD_RUNPATH_SEARCH_PATHS = (
					"$(inherited)",
					"@executable_path/Frameworks",
				);
				PRODUCT_BUNDLE_IDENTIFIER = cn.newbanker.HookFreeDemo;
				PRODUCT_NAME = "$(TARGET_NAME)";
				TARGETED_DEVICE_FAMILY = "1,2";
			};
			name = Debug;
		};
		23623F9A26E487E500E324AC /* Release */ = {
			isa = XCBuildConfiguration;
			buildSettings = {
				ASSETCATALOG_COMPILER_APPICON_NAME = AppIcon;
				ASSETCATALOG_COMPILER_GLOBAL_ACCENT_COLOR_NAME = AccentColor;
				CODE_SIGN_STYLE = Automatic;
				DEVELOPMENT_TEAM = J46HYNA3T9;
				INFOPLIST_FILE = HookFreeDemo/Info.plist;
				IPHONEOS_DEPLOYMENT_TARGET = 9.0;
				LD_RUNPATH_SEARCH_PATHS = (
					"$(inherited)",
					"@executable_path/Frameworks",
				);
				PRODUCT_BUNDLE_IDENTIFIER = cn.newbanker.HookFreeDemo;
				PRODUCT_NAME = "$(TARGET_NAME)";
				TARGETED_DEVICE_FAMILY = "1,2";
			};
			name = Release;
		};
/* End XCBuildConfiguration section */

/* Begin XCConfigurationList section */
		23623F7A26E487DF00E324AC /* Build configuration list for PBXProject "HookFreeDemo" */ = {
			isa = XCConfigurationList;
			buildConfigurations = (
				23623F9626E487E500E324AC /* Debug */,
				23623F9726E487E500E324AC /* Release */,
			);
			defaultConfigurationIsVisible = 0;
			defaultConfigurationName = Release;
		};
		23623F9826E487E500E324AC /* Build configuration list for PBXNativeTarget "HookFreeDemo" */ = {
			isa = XCConfigurationList;
			buildConfigurations = (
				23623F9926E487E500E324AC /* Debug */,
				23623F9A26E487E500E324AC /* Release */,
			);
			defaultConfigurationIsVisible = 0;
			defaultConfigurationName = Release;
		};
/* End XCConfigurationList section */
	};
	rootObject = 23623F7726E487DF00E324AC /* Project object */;
}
